
Microsoft Visual Studio Solution File, Format Version 12.00
# Visual Studio Version 16
VisualStudioVersion = 16.0.29613.14
MinimumVisualStudioVersion = 10.0.40219.1
Project("{FAE04EC0-301F-11D3-BF4B-00C04F79EFBC}") = "LaboratorioPrimeUI", "LaboratorioPrimeUI\LaboratorioPrimeUI.csproj", "{0D23452F-D222-4924-82B4-DF173BD9FF5E}"
EndProject
Project("{FAE04EC0-301F-11D3-BF4B-00C04F79EFBC}") = "JoalheriaPrimeDAL", "JoalheriaPrimeDAL\JoalheriaPrimeDAL.csproj", "{74849150-AFEE-4842-9A3E-081DE9DA6B1C}"
EndProject
Project("{FAE04EC0-301F-11D3-BF4B-00C04F79EFBC}") = "JoalheriaPrimeBLL", "JoalheriaPrimeBLL\JoalheriaPrimeBLL.csproj", "{DA4BABC0-434A-4CA2-AD97-C4432EFE160A}"
EndProject
Global
	GlobalSection(SolutionConfigurationPlatforms) = preSolution
		Debug|Any CPU = Debug|Any CPU
		Release|Any CPU = Release|Any CPU
	EndGlobalSection
	GlobalSection(ProjectConfigurationPlatforms) = postSolution
		{0D23452F-D222-4924-82B4-DF173BD9FF5E}.Debug|Any CPU.ActiveCfg = Debug|Any CPU
		{0D23452F-D222-4924-82B4-DF173BD9FF5E}.Debug|Any CPU.Build.0 = Debug|Any CPU
		{0D23452F-D222-4924-82B4-DF173BD9FF5E}.Release|Any CPU.ActiveCfg = Release|Any CPU
		{0D23452F-D222-4924-82B4-DF173BD9FF5E}.Release|Any CPU.Build.0 = Release|Any CPU
		{74849150-AFEE-4842-9A3E-081DE9DA6B1C}.Debug|Any CPU.ActiveCfg = Debug|Any CPU
		{74849150-AFEE-4842-9A3E-081DE9DA6B1C}.Debug|Any CPU.Build.0 = Debug|Any CPU
		{74849150-AFEE-4842-9A3E-081DE9DA6B1C}.Release|Any CPU.ActiveCfg = Release|Any CPU
		{74849150-AFEE-4842-9A3E-081DE9DA6B1C}.Release|Any CPU.Build.0 = Release|Any CPU
		{DA4BABC0-434A-4CA2-AD97-C4432EFE160A}.Debug|Any CPU.ActiveCfg = Debug|Any CPU
		{DA4BABC0-434A-4CA2-AD97-C4432EFE160A}.Debug|Any CPU.Build.0 = Debug|Any CPU
		{DA4BABC0-434A-4CA2-AD97-C4432EFE160A}.Release|Any CPU.ActiveCfg = Release|Any CPU
		{DA4BABC0-434A-4CA2-AD97-C4432EFE160A}.Release|Any CPU.Build.0 = Release|Any CPU
	EndGlobalSection
	GlobalSection(SolutionProperties) = preSolution
		HideSolutionNode = FALSE
	EndGlobalSection
	GlobalSection(ExtensibilityGlobals) = postSolution
		SolutionGuid = {4896B38D-EF2B-4B86-8CFE-EA406CA2FE63}
	EndGlobalSection
EndGlobal
